
Microsoft Visual Studio Solution File, Format Version 12.00
# Visual Studio Version 16
VisualStudioVersion = 16.0.31613.86
MinimumVisualStudioVersion = 10.0.40219.1
Project("{FAE04EC0-301F-11D3-BF4B-00C04F79EFBC}") = "RefitRestApi", "RefitRestApi\RefitRestApi.csproj", "{EB977676-9CCF-4C9E-B940-460B0A82B32B}"
EndProject
Project("{FAE04EC0-301F-11D3-BF4B-00C04F79EFBC}") = "SimpleUI", "SimpleUI\SimpleUI.csproj", "{A6E58EE0-945E-4BBC-A579-A9EAC8D225EB}"
EndProject
Global
	GlobalSection(SolutionConfigurationPlatforms) = preSolution
		Debug|Any CPU = Debug|Any CPU
		Release|Any CPU = Release|Any CPU
	EndGlobalSection
	GlobalSection(ProjectConfigurationPlatforms) = postSolution
		{EB977676-9CCF-4C9E-B940-460B0A82B32B}.Debug|Any CPU.ActiveCfg = Debug|Any CPU
		{EB977676-9CCF-4C9E-B940-460B0A82B32B}.Debug|Any CPU.Build.0 = Debug|Any CPU
		{EB977676-9CCF-4C9E-B940-460B0A82B32B}.Release|Any CPU.ActiveCfg = Release|Any CPU
		{EB977676-9CCF-4C9E-B940-460B0A82B32B}.Release|Any CPU.Build.0 = Release|Any CPU
		{A6E58EE0-945E-4BBC-A579-A9EAC8D225EB}.Debug|Any CPU.ActiveCfg = Debug|Any CPU
		{A6E58EE0-945E-4BBC-A579-A9EAC8D225EB}.Debug|Any CPU.Build.0 = Debug|Any CPU
		{A6E58EE0-945E-4BBC-A579-A9EAC8D225EB}.Release|Any CPU.ActiveCfg = Release|Any CPU
		{A6E58EE0-945E-4BBC-A579-A9EAC8D225EB}.Release|Any CPU.Build.0 = Release|Any CPU
	EndGlobalSection
	GlobalSection(SolutionProperties) = preSolution
		HideSolutionNode = FALSE
	EndGlobalSection
	GlobalSection(ExtensibilityGlobals) = postSolution
		SolutionGuid = {CE25867D-8D55-42B0-BB8A-CD19D65188F8}
	EndGlobalSection
EndGlobal
